// !$*UTF8*$!
{
	archiveVersion = 1;
	classes = {
	};
	objectVersion = 50;
	objects = {

/* Begin PBXBuildFile section */
		96B1BB5D232F5350002D5282 /* AppDelegate.swift in Sources */ = {isa = PBXBuildFile; fileRef = 96B1BB5C232F5350002D5282 /* AppDelegate.swift */; };
		96B1BB5F232F5350002D5282 /* ViewController.swift in Sources */ = {isa = PBXBuildFile; fileRef = 96B1BB5E232F5350002D5282 /* ViewController.swift */; };
		96B1BB62232F5350002D5282 /* Main.storyboard in Resources */ = {isa = PBXBuildFile; fileRef = 96B1BB60232F5350002D5282 /* Main.storyboard */; };
		96B1BB64232F5352002D5282 /* Assets.xcassets in Resources */ = {isa = PBXBuildFile; fileRef = 96B1BB63232F5352002D5282 /* Assets.xcassets */; };
		96B1BB67232F5352002D5282 /* LaunchScreen.storyboard in Resources */ = {isa = PBXBuildFile; fileRef = 96B1BB65232F5352002D5282 /* LaunchScreen.storyboard */; };
		96B1BB6F232F5926002D5282 /* ExpandingMenu.framework in Frameworks */ = {isa = PBXBuildFile; fileRef = 96B1BB6E232F5926002D5282 /* ExpandingMenu.framework */; };
		96B1BB71232F59F0002D5282 /* ExpandingMenu in Resources */ = {isa = PBXBuildFile; fileRef = 96B1BB70232F59F0002D5282 /* ExpandingMenu */; };
		AA6D4BA952C43D30AEC941C5 /* Pods_Expanding_Menu.framework in Frameworks */ = {isa = PBXBuildFile; fileRef = 74FC5C6EAD807B2221088A47 /* Pods_Expanding_Menu.framework */; };
/* End PBXBuildFile section */

/* Begin PBXFileReference section */
		74FC5C6EAD807B2221088A47 /* Pods_Expanding_Menu.framework */ = {isa = PBXFileReference; explicitFileType = wrapper.framework; includeInIndex = 0; path = Pods_Expanding_Menu.framework; sourceTree = BUILT_PRODUCTS_DIR; };
		96B1BB59232F5350002D5282 /* Expanding_Menu.app */ = {isa = PBXFileReference; explicitFileType = wrapper.application; includeInIndex = 0; path = Expanding_Menu.app; sourceTree = BUILT_PRODUCTS_DIR; };
		96B1BB5C232F5350002D5282 /* AppDelegate.swift */ = {isa = PBXFileReference; lastKnownFileType = sourcecode.swift; path = AppDelegate.swift; sourceTree = "<group>"; };
		96B1BB5E232F5350002D5282 /* ViewController.swift */ = {isa = PBXFileReference; lastKnownFileType = sourcecode.swift; path = ViewController.swift; sourceTree = "<group>"; };
		96B1BB61232F5350002D5282 /* Base */ = {isa = PBXFileReference; lastKnownFileType = file.storyboard; name = Base; path = Base.lproj/Main.storyboard; sourceTree = "<group>"; };
		96B1BB63232F5352002D5282 /* Assets.xcassets */ = {isa = PBXFileReference; lastKnownFileType = folder.assetcatalog; path = Assets.xcassets; sourceTree = "<group>"; };
		96B1BB66232F5352002D5282 /* Base */ = {isa = PBXFileReference; lastKnownFileType = file.storyboard; name = Base; path = Base.lproj/LaunchScreen.storyboard; sourceTree = "<group>"; };
		96B1BB68232F5352002D5282 /* Info.plist */ = {isa = PBXFileReference; lastKnownFileType = text.plist.xml; path = Info.plist; sourceTree = "<group>"; };
		96B1BB6E232F5926002D5282 /* ExpandingMenu.framework */ = {isa = PBXFileReference; explicitFileType = wrapper.framework; path = ExpandingMenu.framework; sourceTree = BUILT_PRODUCTS_DIR; };
		96B1BB70232F59F0002D5282 /* ExpandingMenu */ = {isa = PBXFileReference; lastKnownFileType = folder; path = ExpandingMenu; sourceTree = "<group>"; };
		9BA0367B2F78BAA470BB7E88 /* Pods-Expanding_Menu.release.xcconfig */ = {isa = PBXFileReference; includeInIndex = 1; lastKnownFileType = text.xcconfig; name = "Pods-Expanding_Menu.release.xcconfig"; path = "Pods/Target Support Files/Pods-Expanding_Menu/Pods-Expanding_Menu.release.xcconfig"; sourceTree = "<group>"; };
		B31BF8B148247D01E7385E96 /* Pods-Expanding_Menu.debug.xcconfig */ = {isa = PBXFileReference; includeInIndex = 1; lastKnownFileType = text.xcconfig; name = "Pods-Expanding_Menu.debug.xcconfig"; path = "Pods/Target Support Files/Pods-Expanding_Menu/Pods-Expanding_Menu.debug.xcconfig"; sourceTree = "<group>"; };
/* End PBXFileReference section */

/* Begin PBXFrameworksBuildPhase section */
		96B1BB56232F5350002D5282 /* Frameworks */ = {
			isa = PBXFrameworksBuildPhase;
			buildActionMask = 2147483647;
			files = (
				96B1BB6F232F5926002D5282 /* ExpandingMenu.framework in Frameworks */,
				AA6D4BA952C43D30AEC941C5 /* Pods_Expanding_Menu.framework in Frameworks */,
			);
			runOnlyForDeploymentPostprocessing = 0;
		};
/* End PBXFrameworksBuildPhase section */

/* Begin PBXGroup section */
		57C19C8CE3BD4D5B5D342EF1 /* Frameworks */ = {
			isa = PBXGroup;
			children = (
				96B1BB6E232F5926002D5282 /* ExpandingMenu.framework */,
				74FC5C6EAD807B2221088A47 /* Pods_Expanding_Menu.framework */,
			);
			name = Frameworks;
			sourceTree = "<group>";
		};
		96B1BB50232F5350002D5282 = {
			isa = PBXGroup;
			children = (
				96B1BB70232F59F0002D5282 /* ExpandingMenu */,
				96B1BB5B232F5350002D5282 /* Expanding_Menu */,
				96B1BB5A232F5350002D5282 /* Products */,
				B4C591BC2F87C225263ED778 /* Pods */,
				57C19C8CE3BD4D5B5D342EF1 /* Frameworks */,
			);
			sourceTree = "<group>";
		};
		96B1BB5A232F5350002D5282 /* Products */ = {
			isa = PBXGroup;
			children = (
				96B1BB59232F5350002D5282 /* Expanding_Menu.app */,
			);
			name = Products;
			sourceTree = "<group>";
		};
		96B1BB5B232F5350002D5282 /* Expanding_Menu */ = {
			isa = PBXGroup;
			children = (
				96B1BB5C232F5350002D5282 /* AppDelegate.swift */,
				96B1BB5E232F5350002D5282 /* ViewController.swift */,
				96B1BB60232F5350002D5282 /* Main.storyboard */,
				96B1BB63232F5352002D5282 /* Assets.xcassets */,
				96B1BB65232F5352002D5282 /* LaunchScreen.storyboard */,
				96B1BB68232F5352002D5282 /* Info.plist */,
			);
			path = Expanding_Menu;
			sourceTree = "<group>";
		};
		B4C591BC2F87C225263ED778 /* Pods */ = {
			isa = PBXGroup;
			children = (
				B31BF8B148247D01E7385E96 /* Pods-Expanding_Menu.debug.xcconfig */,
				9BA0367B2F78BAA470BB7E88 /* Pods-Expanding_Menu.release.xcconfig */,
			);
			name = Pods;
			sourceTree = "<group>";
		};
/* End PBXGroup section */

/* Begin PBXNativeTarget section */
		96B1BB58232F5350002D5282 /* Expanding_Menu */ = {
			isa = PBXNativeTarget;
			buildConfigurationList = 96B1BB6B232F5352002D5282 /* Build configuration list for PBXNativeTarget "Expanding_Menu" */;
			buildPhases = (
				FFE7A4AD8583AD6D94A63079 /* [CP] Check Pods Manifest.lock */,
				96B1BB55232F5350002D5282 /* Sources */,
				96B1BB56232F5350002D5282 /* Frameworks */,
				96B1BB57232F5350002D5282 /* Resources */,
				495B698286D0255032BC9FB1 /* [CP] Embed Pods Frameworks */,
			);
			buildRules = (
			);
			dependencies = (
			);
			name = Expanding_Menu;
			productName = Expanding_Menu;
			productReference = 96B1BB59232F5350002D5282 /* Expanding_Menu.app */;
			productType = "com.apple.product-type.application";
		};
/* End PBXNativeTarget section */

/* Begin PBXProject section */
		96B1BB51232F5350002D5282 /* Project object */ = {
			isa = PBXProject;
			attributes = {
				LastSwiftUpdateCheck = 0940;
				LastUpgradeCheck = 0940;
				ORGANIZATIONNAME = "Isaac Samuel";
				TargetAttributes = {
					96B1BB58232F5350002D5282 = {
						CreatedOnToolsVersion = 9.4.1;
					};
				};
			};
			buildConfigurationList = 96B1BB54232F5350002D5282 /* Build configuration list for PBXProject "Expanding_Menu" */;
			compatibilityVersion = "Xcode 9.3";
			developmentRegion = en;
			hasScannedForEncodings = 0;
			knownRegions = (
				en,
				Base,
			);
			mainGroup = 96B1BB50232F5350002D5282;
			productRefGroup = 96B1BB5A232F5350002D5282 /* Products */;
			projectDirPath = "";
			projectRoot = "";
			targets = (
				96B1BB58232F5350002D5282 /* Expanding_Menu */,
			);
		};
/* End PBXProject section */

/* Begin PBXResourcesBuildPhase section */
		96B1BB57232F5350002D5282 /* Resources */ = {
			isa = PBXResourcesBuildPhase;
			buildActionMask = 2147483647;
			files = (
				96B1BB71232F59F0002D5282 /* ExpandingMenu in Resources */,
				96B1BB67232F5352002D5282 /* LaunchScreen.storyboard in Resources */,
				96B1BB64232F5352002D5282 /* Assets.xcassets in Resources */,
				96B1BB62232F5350002D5282 /* Main.storyboard in Resources */,
			);
			runOnlyForDeploymentPostprocessing = 0;
		};
/* End PBXResourcesBuildPhase section */

/* Begin PBXShellScriptBuildPhase section */
		495B698286D0255032BC9FB1 /* [CP] Embed Pods Frameworks */ = {
			isa = PBXShellScriptBuildPhase;
			buildActionMask = 2147483647;
			files = (
			);
			inputPaths = (
				"${SRCROOT}/Pods/Target Support Files/Pods-Expanding_Menu/Pods-Expanding_Menu-frameworks.sh",
				"${BUILT_PRODUCTS_DIR}/ExpandingMenu/ExpandingMenu.framework",
			);
			name = "[CP] Embed Pods Frameworks";
			outputPaths = (
				"${TARGET_BUILD_DIR}/${FRAMEWORKS_FOLDER_PATH}/ExpandingMenu.framework",
			);
			runOnlyForDeploymentPostprocessing = 0;
			shellPath = /bin/sh;
			shellScript = "\"${SRCROOT}/Pods/Target Support Files/Pods-Expanding_Menu/Pods-Expanding_Menu-frameworks.sh\"\n";
			showEnvVarsInLog = 0;
		};
		FFE7A4AD8583AD6D94A63079 /* [CP] Check Pods Manifest.lock */ = {
			isa = PBXShellScriptBuildPhase;
			buildActionMask = 2147483647;
			files = (
			);
			inputPaths = (
				"${PODS_PODFILE_DIR_PATH}/Podfile.lock",
				"${PODS_ROOT}/Manifest.lock",
			);
			name = "[CP] Check Pods Manifest.lock";
			outputPaths = (
				"$(DERIVED_FILE_DIR)/Pods-Expanding_Menu-checkManifestLockResult.txt",
			);
			runOnlyForDeploymentPostprocessing = 0;
			shellPath = /bin/sh;
			shellScript = "diff \"${PODS_PODFILE_DIR_PATH}/Podfile.lock\" \"${PODS_ROOT}/Manifest.lock\" > /dev/null\nif [ $? != 0 ] ; then\n    # print error to STDERR\n    echo \"error: The sandbox is not in sync with the Podfile.lock. Run 'pod install' or update your CocoaPods installation.\" >&2\n    exit 1\nfi\n# This output is used by Xcode 'outputs' to avoid re-running this script phase.\necho \"SUCCESS\" > \"${SCRIPT_OUTPUT_FILE_0}\"\n";
			showEnvVarsInLog = 0;
		};
/* End PBXShellScriptBuildPhase section */

/* Begin PBXSourcesBuildPhase section */
		96B1BB55232F5350002D5282 /* Sources */ = {
			isa = PBXSourcesBuildPhase;
			buildActionMask = 2147483647;
			files = (
				96B1BB5F232F5350002D5282 /* ViewController.swift in Sources */,
				96B1BB5D232F5350002D5282 /* AppDelegate.swift in Sources */,
			);
			runOnlyForDeploymentPostprocessing = 0;
		};
/* End PBXSourcesBuildPhase section */

/* Begin PBXVariantGroup section */
		96B1BB60232F5350002D5282 /* Main.storyboard */ = {
			isa = PBXVariantGroup;
			children = (
				96B1BB61232F5350002D5282 /* Base */,
			);
			name = Main.storyboard;
			sourceTree = "<group>";
		};
		96B1BB65232F5352002D5282 /* LaunchScreen.storyboard */ = {
			isa = PBXVariantGroup;
			children = (
				96B1BB66232F5352002D5282 /* Base */,
			);
			name = LaunchScreen.storyboard;
			sourceTree = "<group>";
		};
/* End PBXVariantGroup section */

/* Begin XCBuildConfiguration section */
		96B1BB69232F5352002D5282 /* Debug */ = {
			isa = XCBuildConfiguration;
			buildSettings = {
				ALWAYS_SEARCH_USER_PATHS = NO;
				CLANG_ANALYZER_NONNULL = YES;
				CLANG_ANALYZER_NUMBER_OBJECT_CONVERSION = YES_AGGRESSIVE;
				CLANG_CXX_LANGUAGE_STANDARD = "gnu++14";
				CLANG_CXX_LIBRARY = "libc++";
				CLANG_ENABLE_MODULES = YES;
				CLANG_ENABLE_OBJC_ARC = YES;
				CLANG_ENABLE_OBJC_WEAK = YES;
				CLANG_WARN_BLOCK_CAPTURE_AUTORELEASING = YES;
				CLANG_WARN_BOOL_CONVERSION = YES;
				CLANG_WARN_COMMA = YES;
				CLANG_WARN_CONSTANT_CONVERSION = YES;
				CLANG_WARN_DEPRECATED_OBJC_IMPLEMENTATIONS = YES;
				CLANG_WARN_DIRECT_OBJC_ISA_USAGE = YES_ERROR;
				CLANG_WARN_DOCUMENTATION_COMMENTS = YES;
				CLANG_WARN_EMPTY_BODY = YES;
				CLANG_WARN_ENUM_CONVERSION = YES;
				CLANG_WARN_INFINITE_RECURSION = YES;
				CLANG_WARN_INT_CONVERSION = YES;
				CLANG_WARN_NON_LITERAL_NULL_CONVERSION = YES;
				CLANG_WARN_OBJC_IMPLICIT_RETAIN_SELF = YES;
				CLANG_WARN_OBJC_LITERAL_CONVERSION = YES;
				CLANG_WARN_OBJC_ROOT_CLASS = YES_ERROR;
				CLANG_WARN_RANGE_LOOP_ANALYSIS = YES;
				CLANG_WARN_STRICT_PROTOTYPES = YES;
				CLANG_WARN_SUSPICIOUS_MOVE = YES;
				CLANG_WARN_UNGUARDED_AVAILABILITY = YES_AGGRESSIVE;
				CLANG_WARN_UNREACHABLE_CODE = YES;
				CLANG_WARN__DUPLICATE_METHOD_MATCH = YES;
				CODE_SIGN_IDENTITY = "iPhone Developer";
				COPY_PHASE_STRIP = NO;
				DEBUG_INFORMATION_FORMAT = dwarf;
				ENABLE_STRICT_OBJC_MSGSEND = YES;
				ENABLE_TESTABILITY = YES;
				GCC_C_LANGUAGE_STANDARD = gnu11;
				GCC_DYNAMIC_NO_PIC = NO;
				GCC_NO_COMMON_BLOCKS = YES;
				GCC_OPTIMIZATION_LEVEL = 0;
				GCC_PREPROCESSOR_DEFINITIONS = (
					"DEBUG=1",
					"$(inherited)",
				);
				GCC_WARN_64_TO_32_BIT_CONVERSION = YES;
				GCC_WARN_ABOUT_RETURN_TYPE = YES_ERROR;
				GCC_WARN_UNDECLARED_SELECTOR = YES;
				GCC_WARN_UNINITIALIZED_AUTOS = YES_AGGRESSIVE;
				GCC_WARN_UNUSED_FUNCTION = YES;
				GCC_WARN_UNUSED_VARIABLE = YES;
				IPHONEOS_DEPLOYMENT_TARGET = 11.4;
				MTL_ENABLE_DEBUG_INFO = YES;
				ONLY_ACTIVE_ARCH = YES;
				SDKROOT = iphoneos;
				SWIFT_ACTIVE_COMPILATION_CONDITIONS = DEBUG;
				SWIFT_OPTIMIZATION_LEVEL = "-Onone";
			};
			name = Debug;
		};
		96B1BB6A232F5352002D5282 /* Release */ = {
			isa = XCBuildConfiguration;
			buildSettings = {
				ALWAYS_SEARCH_USER_PATHS = NO;
				CLANG_ANALYZER_NONNULL = YES;
				CLANG_ANALYZER_NUMBER_OBJECT_CONVERSION = YES_AGGRESSIVE;
				CLANG_CXX_LANGUAGE_STANDARD = "gnu++14";
				CLANG_CXX_LIBRARY = "libc++";
				CLANG_ENABLE_MODULES = YES;
				CLANG_ENABLE_OBJC_ARC = YES;
				CLANG_ENABLE_OBJC_WEAK = YES;
				CLANG_WARN_BLOCK_CAPTURE_AUTORELEASING = YES;
				CLANG_WARN_BOOL_CONVERSION = YES;
				CLANG_WARN_COMMA = YES;
				CLANG_WARN_CONSTANT_CONVERSION = YES;
				CLANG_WARN_DEPRECATED_OBJC_IMPLEMENTATIONS = YES;
				CLANG_WARN_DIRECT_OBJC_ISA_USAGE = YES_ERROR;
				CLANG_WARN_DOCUMENTATION_COMMENTS = YES;
				CLANG_WARN_EMPTY_BODY = YES;
				CLANG_WARN_ENUM_CONVERSION = YES;
				CLANG_WARN_INFINITE_RECURSION = YES;
				CLANG_WARN_INT_CONVERSION = YES;
				CLANG_WARN_NON_LITERAL_NULL_CONVERSION = YES;
				CLANG_WARN_OBJC_IMPLICIT_RETAIN_SELF = YES;
				CLANG_WARN_OBJC_LITERAL_CONVERSION = YES;
				CLANG_WARN_OBJC_ROOT_CLASS = YES_ERROR;
				CLANG_WARN_RANGE_LOOP_ANALYSIS = YES;
				CLANG_WARN_STRICT_PROTOTYPES = YES;
				CLANG_WARN_SUSPICIOUS_MOVE = YES;
				CLANG_WARN_UNGUARDED_AVAILABILITY = YES_AGGRESSIVE;
				CLANG_WARN_UNREACHABLE_CODE = YES;
				CLANG_WARN__DUPLICATE_METHOD_MATCH = YES;
				CODE_SIGN_IDENTITY = "iPhone Developer";
				COPY_PHASE_STRIP = NO;
				DEBUG_INFORMATION_FORMAT = "dwarf-with-dsym";
				ENABLE_NS_ASSERTIONS = NO;
				ENABLE_STRICT_OBJC_MSGSEND = YES;
				GCC_C_LANGUAGE_STANDARD = gnu11;
				GCC_NO_COMMON_BLOCKS = YES;
				GCC_WARN_64_TO_32_BIT_CONVERSION = YES;
				GCC_WARN_ABOUT_RETURN_TYPE = YES_ERROR;
				GCC_WARN_UNDECLARED_SELECTOR = YES;
				GCC_WARN_UNINITIALIZED_AUTOS = YES_AGGRESSIVE;
				GCC_WARN_UNUSED_FUNCTION = YES;
				GCC_WARN_UNUSED_VARIABLE = YES;
				IPHONEOS_DEPLOYMENT_TARGET = 11.4;
				MTL_ENABLE_DEBUG_INFO = NO;
				SDKROOT = iphoneos;
				SWIFT_COMPILATION_MODE = wholemodule;
				SWIFT_OPTIMIZATION_LEVEL = "-O";
				VALIDATE_PRODUCT = YES;
			};
			name = Release;
		};
		96B1BB6C232F5352002D5282 /* Debug */ = {
			isa = XCBuildConfiguration;
			baseConfigurationReference = B31BF8B148247D01E7385E96 /* Pods-Expanding_Menu.debug.xcconfig */;
			buildSettings = {
				ASSETCATALOG_COMPILER_APPICON_NAME = AppIcon;
				CODE_SIGN_STYLE = Automatic;
				DEVELOPMENT_TEAM = QWGP46S9YN;
				INFOPLIST_FILE = Expanding_Menu/Info.plist;
				LD_RUNPATH_SEARCH_PATHS = (
					"$(inherited)",
					"@executable_path/Frameworks",
				);
				PRODUCT_BUNDLE_IDENTIFIER = "com.isasam.Expanding-Menu";
				PRODUCT_NAME = "$(TARGET_NAME)";
				SWIFT_VERSION = 4.0;
				TARGETED_DEVICE_FAMILY = "1,2";
			};
			name = Debug;
		};
		96B1BB6D232F5352002D5282 /* Release */ = {
			isa = XCBuildConfiguration;
			baseConfigurationReference = 9BA0367B2F78BAA470BB7E88 /* Pods-Expanding_Menu.release.xcconfig */;
			buildSettings = {
				ASSETCATALOG_COMPILER_APPICON_NAME = AppIcon;
				CODE_SIGN_STYLE = Automatic;
				DEVELOPMENT_TEAM = QWGP46S9YN;
				INFOPLIST_FILE = Expanding_Menu/Info.plist;
				LD_RUNPATH_SEARCH_PATHS = (
					"$(inherited)",
					"@executable_path/Frameworks",
				);
				PRODUCT_BUNDLE_IDENTIFIER = "com.isasam.Expanding-Menu";
				PRODUCT_NAME = "$(TARGET_NAME)";
				SWIFT_VERSION = 4.0;
				TARGETED_DEVICE_FAMILY = "1,2";
			};
			name = Release;
		};
/* End XCBuildConfiguration section */

/* Begin XCConfigurationList section */
		96B1BB54232F5350002D5282 /* Build configuration list for PBXProject "Expanding_Menu" */ = {
			isa = XCConfigurationList;
			buildConfigurations = (
				96B1BB69232F5352002D5282 /* Debug */,
				96B1BB6A232F5352002D5282 /* Release */,
			);
			defaultConfigurationIsVisible = 0;
			defaultConfigurationName = Release;
		};
		96B1BB6B232F5352002D5282 /* Build configuration list for PBXNativeTarget "Expanding_Menu" */ = {
			isa = XCConfigurationList;
			buildConfigurations = (
				96B1BB6C232F5352002D5282 /* Debug */,
				96B1BB6D232F5352002D5282 /* Release */,
			);
			defaultConfigurationIsVisible = 0;
			defaultConfigurationName = Release;
		};
/* End XCConfigurationList section */
	};
	rootObject = 96B1BB51232F5350002D5282 /* Project object */;
}
